github.com/minchao/go-mitake v0.0.0-20180710150023-78ccac4cf025 h1:7MYfueUS0EVpkH4j8dtn/MVlmAc3pOCyg36qCcmKVeo=
github.com/minchao/go-mitake v0.0.0-20180710150023-78ccac4cf025/go.mod h1:YUBIgXvs91rpVcSw4GOJqE9MymN9xn5yhml6+R/K9Ys=
golang.org/x/text v0.3.8 h1:nAL+RVCQ9uMn3vJZbV+MRnydTJFPf8qqY42YiA6MrqY=
golang.org/x/text v0.3.8/go.mod h1:E6s5w1FMmriuDzIBO73fBruAKo1PCIq6d2Q6DHfQ8WQ=
